{
  "version": 4,
  "terraform_version": "1.12.2",
  "serial": 12,
  "lineage": "f9872ad4-c36f-b4c6-eb2c-f3dd84a96047",
  "outputs": {
    "cluster_endpoint": {
      "value": "34.46.233.39",
      "type": "string"
    },
    "cluster_name": {
      "value": "ecommerce-dev-cluster",
      "type": "string"
    },
    "cluster_region": {
      "value": "us-central1",
      "type": "string"
    },
    "kubeconfig": {
      "value": "LS0tLS1CRUdJTiBDRVJUSUZJQ0FURS0tLS0tCk1JSUVMRENDQXBTZ0F3SUJBZ0lRSHU5Vm5VTDFYdzd2UmZIRmw2cmxoakFOQmdrcWhraUc5dzBCQVFzRkFEQXYKTVMwd0t3WURWUVFERXlRd04yTTVNV00yWlMweE4ySXhMVFF5TmpJdFlXWmhNeTFqWlROa1pUQmhNV05pWWpndwpJQmNOTWpVd09ESTFNVEUxTWpVNVdoZ1BNakExTlRBNE1UZ3hNalV5TlRsYU1DOHhMVEFyQmdOVkJBTVRKREEzCll6a3hZelpsTFRFM1lqRXROREkyTWkxaFptRXpMV05sTTJSbE1HRXhZMkppT0RDQ0FhSXdEUVlKS29aSWh2Y04KQVFFQkJRQURnZ0dQQURDQ0FZb0NnZ0dCQUwwTkZEYWVlSnRwMjhKNTBGQ2RzSlUvMVRraVpJcUZXa2cra2JuVApYKzNRN1dpb0JpRXNuVTR3TEZHT1c5MkxRTFU3Ym1jL1hJZFFmaFJzaHdzUnRKYjR2SkJ1aGpMemdRWWYySW1DCk9VSTE0Vk1ab0FCc2MwSXRtUlBIcnpHMDdEeWMvN2NTYTNBRm9WbUtqeFpONms0VFdBSzZOZWJOZkkzMjZQOG0KaUdvaTQzSDFyS2Ivdjg2d2NzOG9McE5Pc1FRUGVJMHA5MzBlTWJvOVAvM0JraUlYekovYStXa2JOWGUwWnBubgoydmRXODlTUVU4R2tva2x4Q2t5UjlQbnNiR09VN3RwdEkzTmp0QXZ5em1JaUxreVJvSlVUL2ZSS2UxZ3dsV3krCjFybVNqblFsdElvZVhwbzY2Unk5N0J1ZkhFbmlYT0NyeXliVFlRbGtzSzVPV1YxK2lSR0N6TXNLMW14MWxCYlMKTnJ1S1BOSE5sQ2h0TE13Yll1NEVwaFIybm1yQks4OWdVbWNVbXhqcW5kcVFnSkVvZ2RwbS9adVYycHFtRGFwTwpOeUw2QUxnaGhEOFQrSVhoVnNsSzd3czRhb0dOTVYyRmYrdVBKSlNKbDZEYmhBbGhYY2diVmFVbGhDSVJUdi9lCjJrUW1SY1RiMlJ0M1Y4aHlqVi8wa3FXd3dRSURBUUFCbzBJd1FEQU9CZ05WSFE4QkFmOEVCQU1DQWdRd0R3WUQKVlIwVEFRSC9CQVV3QXdFQi96QWRCZ05WSFE0RUZnUVVyK0Y5TWlmOG9tMkFlVWRiMnpuRmx0eDFlWmN3RFFZSgpLb1pJaHZjTkFRRUxCUUFEZ2dHQkFBem13QXFVamlzakRZWm5xOEt2ZUxKcVZ3Tk5SWDY3ckY1UzAyRnVUbDd4CmdraGdJU3dXcUlFczdyWCs2ZmRtNWlsa3ExY3B6alZRcXJlM2lLV2d6UlJPejdyaUtKRmtaSmQzNGFKNkx3Vm4KTW1OR0ZldHJaUkhEUm5ZUTNVL3FTSXFkTXRYcGI1RzB0Ynl0SWdNWFRVR0w2OEVGN0ZPeXVJVk9KdVFiampQego2RXorZTBzT29EWFYvbWZUSUtRekhSdXVmSmhGSSswZU1lQWIzSFMwcVl6S2dIUWpjWk1KektpeUl1WmorcXorCjlNMExLMVY3RFA0djBiQ0FLcjFyVnVsS0k0Z3Q5cU1Pa2RxYVdQaldDL3FDUFZHcjE3MVRXUW9STUFzUm02UnQKdVFtRzJ4N1JzaUdJMFVFUzQ0YzA3Ym44SDNkTzExQWdPNWhzdzlWNVBIcEpOdGVLR1A2WEVqUXppVmJmU296TQpPUDJiM2JSRTBYN0NlTCtqWlJQVnJkTmFGb3dwWklPMmsyZDZTcTdXNzJhSmh6SmxYbmFybzFYQjd2NnVZV1ptCjVJeUpFZUZkL3drQTFQMndjbXlCWnlUTmlncS9sN2Z4emQ2bHozYWRXM01VdnAyc2RwT0RudkRPT0dGTy93RWEKemkzeERCaUJBVVJudk5nRmNGSHJlUT09Ci0tLS0tRU5EIENFUlRJRklDQVRFLS0tLS0K",
      "type": "string",
      "sensitive": true
    }
  },
  "resources": [
    {
      "mode": "managed",
      "type": "google_container_cluster",
      "name": "ecommerce_cluster",
      "provider": "provider[\"registry.terraform.io/hashicorp/google\"]",
      "instances": [
        {
          "schema_version": 1,
          "attributes": {
            "addons_config": [
              {
                "cloudrun_config": [],
                "config_connector_config": [],
                "dns_cache_config": [],
                "gce_persistent_disk_csi_driver_config": [
                  {
                    "enabled": true
                  }
                ],
                "gcp_filestore_csi_driver_config": [],
                "gcs_fuse_csi_driver_config": [],
                "gke_backup_agent_config": [],
                "horizontal_pod_autoscaling": [],
                "http_load_balancing": [],
                "network_policy_config": [
                  {
                    "disabled": true
                  }
                ]
              }
            ],
            "allow_net_admin": null,
            "authenticator_groups_config": [],
            "binary_authorization": [
              {
                "enabled": false,
                "evaluation_mode": ""
              }
            ],
            "cluster_autoscaling": [
              {
                "auto_provisioning_defaults": [],
                "enabled": false,
                "resource_limits": []
              }
            ],
            "cluster_ipv4_cidr": "10.0.0.0/14",
            "confidential_nodes": [],
            "cost_management_config": [],
            "database_encryption": [
              {
                "key_name": "",
                "state": "DECRYPTED"
              }
            ],
            "datapath_provider": "",
            "default_max_pods_per_node": null,
            "default_snat_status": [
              {
                "disabled": false
              }
            ],
            "description": "",
            "dns_config": [],
            "enable_autopilot": false,
            "enable_binary_authorization": false,
            "enable_intranode_visibility": false,
            "enable_k8s_beta_apis": [],
            "enable_kubernetes_alpha": false,
            "enable_l4_ilb_subsetting": false,
            "enable_legacy_abac": false,
            "enable_shielded_nodes": true,
            "enable_tpu": false,
            "endpoint": "34.46.233.39",
            "gateway_api_config": [],
            "id": "projects/devops-9848/locations/us-central1/clusters/ecommerce-dev-cluster",
            "initial_node_count": 1,
            "ip_allocation_policy": [],
            "label_fingerprint": "a9dc16a7",
            "location": "us-central1",
            "logging_config": [
              {
                "enable_components": [
                  "SYSTEM_COMPONENTS",
                  "WORKLOADS"
                ]
              }
            ],
            "logging_service": "logging.googleapis.com/kubernetes",
            "maintenance_policy": [],
            "master_auth": [
              {
                "client_certificate": "",
                "client_certificate_config": [
                  {
                    "issue_client_certificate": false
                  }
                ],
                "client_key": "",
                "cluster_ca_certificate": "LS0tLS1CRUdJTiBDRVJUSUZJQ0FURS0tLS0tCk1JSUVMRENDQXBTZ0F3SUJBZ0lRSHU5Vm5VTDFYdzd2UmZIRmw2cmxoakFOQmdrcWhraUc5dzBCQVFzRkFEQXYKTVMwd0t3WURWUVFERXlRd04yTTVNV00yWlMweE4ySXhMVFF5TmpJdFlXWmhNeTFqWlROa1pUQmhNV05pWWpndwpJQmNOTWpVd09ESTFNVEUxTWpVNVdoZ1BNakExTlRBNE1UZ3hNalV5TlRsYU1DOHhMVEFyQmdOVkJBTVRKREEzCll6a3hZelpsTFRFM1lqRXROREkyTWkxaFptRXpMV05sTTJSbE1HRXhZMkppT0RDQ0FhSXdEUVlKS29aSWh2Y04KQVFFQkJRQURnZ0dQQURDQ0FZb0NnZ0dCQUwwTkZEYWVlSnRwMjhKNTBGQ2RzSlUvMVRraVpJcUZXa2cra2JuVApYKzNRN1dpb0JpRXNuVTR3TEZHT1c5MkxRTFU3Ym1jL1hJZFFmaFJzaHdzUnRKYjR2SkJ1aGpMemdRWWYySW1DCk9VSTE0Vk1ab0FCc2MwSXRtUlBIcnpHMDdEeWMvN2NTYTNBRm9WbUtqeFpONms0VFdBSzZOZWJOZkkzMjZQOG0KaUdvaTQzSDFyS2Ivdjg2d2NzOG9McE5Pc1FRUGVJMHA5MzBlTWJvOVAvM0JraUlYekovYStXa2JOWGUwWnBubgoydmRXODlTUVU4R2tva2x4Q2t5UjlQbnNiR09VN3RwdEkzTmp0QXZ5em1JaUxreVJvSlVUL2ZSS2UxZ3dsV3krCjFybVNqblFsdElvZVhwbzY2Unk5N0J1ZkhFbmlYT0NyeXliVFlRbGtzSzVPV1YxK2lSR0N6TXNLMW14MWxCYlMKTnJ1S1BOSE5sQ2h0TE13Yll1NEVwaFIybm1yQks4OWdVbWNVbXhqcW5kcVFnSkVvZ2RwbS9adVYycHFtRGFwTwpOeUw2QUxnaGhEOFQrSVhoVnNsSzd3czRhb0dOTVYyRmYrdVBKSlNKbDZEYmhBbGhYY2diVmFVbGhDSVJUdi9lCjJrUW1SY1RiMlJ0M1Y4aHlqVi8wa3FXd3dRSURBUUFCbzBJd1FEQU9CZ05WSFE4QkFmOEVCQU1DQWdRd0R3WUQKVlIwVEFRSC9CQVV3QXdFQi96QWRCZ05WSFE0RUZnUVVyK0Y5TWlmOG9tMkFlVWRiMnpuRmx0eDFlWmN3RFFZSgpLb1pJaHZjTkFRRUxCUUFEZ2dHQkFBem13QXFVamlzakRZWm5xOEt2ZUxKcVZ3Tk5SWDY3ckY1UzAyRnVUbDd4CmdraGdJU3dXcUlFczdyWCs2ZmRtNWlsa3ExY3B6alZRcXJlM2lLV2d6UlJPejdyaUtKRmtaSmQzNGFKNkx3Vm4KTW1OR0ZldHJaUkhEUm5ZUTNVL3FTSXFkTXRYcGI1RzB0Ynl0SWdNWFRVR0w2OEVGN0ZPeXVJVk9KdVFiampQego2RXorZTBzT29EWFYvbWZUSUtRekhSdXVmSmhGSSswZU1lQWIzSFMwcVl6S2dIUWpjWk1KektpeUl1WmorcXorCjlNMExLMVY3RFA0djBiQ0FLcjFyVnVsS0k0Z3Q5cU1Pa2RxYVdQaldDL3FDUFZHcjE3MVRXUW9STUFzUm02UnQKdVFtRzJ4N1JzaUdJMFVFUzQ0YzA3Ym44SDNkTzExQWdPNWhzdzlWNVBIcEpOdGVLR1A2WEVqUXppVmJmU296TQpPUDJiM2JSRTBYN0NlTCtqWlJQVnJkTmFGb3dwWklPMmsyZDZTcTdXNzJhSmh6SmxYbmFybzFYQjd2NnVZV1ptCjVJeUpFZUZkL3drQTFQMndjbXlCWnlUTmlncS9sN2Z4emQ2bHozYWRXM01VdnAyc2RwT0RudkRPT0dGTy93RWEKemkzeERCaUJBVVJudk5nRmNGSHJlUT09Ci0tLS0tRU5EIENFUlRJRklDQVRFLS0tLS0K"
              }
            ],
            "master_authorized_networks_config": [],
            "master_version": "1.33.2-gke.1240000",
            "mesh_certificates": [],
            "min_master_version": null,
            "monitoring_config": [
              {
                "advanced_datapath_observability_config": [
                  {
                    "enable_metrics": false,
                    "relay_mode": ""
                  }
                ],
                "enable_components": [
                  "SYSTEM_COMPONENTS",
                  "STORAGE",
                  "HPA",
                  "POD",
                  "DAEMONSET",
                  "DEPLOYMENT",
                  "STATEFULSET",
                  "JOBSET",
                  "CADVISOR",
                  "KUBELET",
                  "DCGM"
                ],
                "managed_prometheus": [
                  {
                    "enabled": true
                  }
                ]
              }
            ],
            "monitoring_service": "monitoring.googleapis.com/kubernetes",
            "name": "ecommerce-dev-cluster",
            "network": "projects/devops-9848/global/networks/default",
            "network_policy": [
              {
                "enabled": false,
                "provider": "PROVIDER_UNSPECIFIED"
              }
            ],
            "networking_mode": "ROUTES",
            "node_config": [],
            "node_locations": [
              "us-central1-a",
              "us-central1-b",
              "us-central1-f"
            ],
            "node_pool": [],
            "node_pool_auto_config": [
              {
                "network_tags": null
              }
            ],
            "node_pool_defaults": [
              {
                "node_config_defaults": [
                  {
                    "logging_variant": "DEFAULT"
                  }
                ]
              }
            ],
            "node_version": "1.33.2-gke.1240000",
            "notification_config": [
              {
                "pubsub": [
                  {
                    "enabled": false,
                    "filter": [],
                    "topic": ""
                  }
                ]
              }
            ],
            "operation": null,
            "private_cluster_config": [
              {
                "enable_private_endpoint": false,
                "enable_private_nodes": false,
                "master_global_access_config": [
                  {
                    "enabled": false
                  }
                ],
                "master_ipv4_cidr_block": "",
                "peering_name": "",
                "private_endpoint": "10.128.0.30",
                "private_endpoint_subnetwork": "",
                "public_endpoint": "34.46.233.39"
              }
            ],
            "private_ipv6_google_access": "",
            "project": "devops-9848",
            "release_channel": [
              {
                "channel": "REGULAR"
              }
            ],
            "remove_default_node_pool": true,
            "resource_labels": null,
            "resource_usage_export_config": [],
            "security_posture_config": [
              {
                "mode": "BASIC",
                "vulnerability_mode": "VULNERABILITY_MODE_UNSPECIFIED"
              }
            ],
            "self_link": "https://container.googleapis.com/v1/projects/devops-9848/locations/us-central1/clusters/ecommerce-dev-cluster",
            "service_external_ips_config": [
              {
                "enabled": false
              }
            ],
            "services_ipv4_cidr": "10.3.240.0/20",
            "subnetwork": "projects/devops-9848/regions/us-central1/subnetworks/default",
            "timeouts": null,
            "tpu_ipv4_cidr_block": "",
            "vertical_pod_autoscaling": [],
            "workload_identity_config": []
          },
          "sensitive_attributes": [
            [
              {
                "type": "get_attr",
                "value": "master_auth"
              },
              {
                "type": "index",
                "value": {
                  "value": 0,
                  "type": "number"
                }
              },
              {
                "type": "get_attr",
                "value": "client_key"
              }
            ]
          ],
          "identity_schema_version": 0,
          "private": "eyJlMmJmYjczMC1lY2FhLTExZTYtOGY4OC0zNDM2M2JjN2M0YzAiOnsiY3JlYXRlIjoyNDAwMDAwMDAwMDAwLCJkZWxldGUiOjI0MDAwMDAwMDAwMDAsInJlYWQiOjI0MDAwMDAwMDAwMDAsInVwZGF0ZSI6MzYwMDAwMDAwMDAwMH0sInNjaGVtYV92ZXJzaW9uIjoiMSJ9"
        }
      ]
    },
    {
      "mode": "managed",
      "type": "google_container_node_pool",
      "name": "primary_nodes",
      "provider": "provider[\"registry.terraform.io/hashicorp/google\"]",
      "instances": [
        {
          "schema_version": 1,
          "attributes": {
            "autoscaling": [],
            "cluster": "ecommerce-dev-cluster",
            "id": "projects/devops-9848/locations/us-central1/clusters/ecommerce-dev-cluster/nodePools/ecommerce-node-pool",
            "initial_node_count": 2,
            "instance_group_urls": [
              "https://www.googleapis.com/compute/v1/projects/devops-9848/zones/us-central1-a/instanceGroupManagers/gke-ecommerce-dev-cl-ecommerce-node-p-28d8968d-grp",
              "https://www.googleapis.com/compute/v1/projects/devops-9848/zones/us-central1-b/instanceGroupManagers/gke-ecommerce-dev-cl-ecommerce-node-p-66159199-grp",
              "https://www.googleapis.com/compute/v1/projects/devops-9848/zones/us-central1-f/instanceGroupManagers/gke-ecommerce-dev-cl-ecommerce-node-p-34721402-grp"
            ],
            "location": "us-central1",
            "managed_instance_group_urls": [
              "https://www.googleapis.com/compute/v1/projects/devops-9848/zones/us-central1-a/instanceGroups/gke-ecommerce-dev-cl-ecommerce-node-p-28d8968d-grp",
              "https://www.googleapis.com/compute/v1/projects/devops-9848/zones/us-central1-b/instanceGroups/gke-ecommerce-dev-cl-ecommerce-node-p-66159199-grp",
              "https://www.googleapis.com/compute/v1/projects/devops-9848/zones/us-central1-f/instanceGroups/gke-ecommerce-dev-cl-ecommerce-node-p-34721402-grp"
            ],
            "management": [
              {
                "auto_repair": true,
                "auto_upgrade": true
              }
            ],
            "max_pods_per_node": null,
            "name": "ecommerce-node-pool",
            "name_prefix": "",
            "network_config": [],
            "node_config": [
              {
                "advanced_machine_features": [],
                "boot_disk_kms_key": "",
                "confidential_nodes": [],
                "disk_size_gb": 20,
                "disk_type": "pd-balanced",
                "ephemeral_storage_local_ssd_config": [],
                "fast_socket": [],
                "gcfs_config": [],
                "guest_accelerator": [],
                "gvnic": [],
                "host_maintenance_policy": [],
                "image_type": "COS_CONTAINERD",
                "kubelet_config": [
                  {
                    "cpu_cfs_quota": false,
                    "cpu_cfs_quota_period": "",
                    "cpu_manager_policy": "",
                    "pod_pids_limit": 0
                  }
                ],
                "labels": {},
                "linux_node_config": [],
                "local_nvme_ssd_block_config": [],
                "local_ssd_count": 0,
                "logging_variant": "DEFAULT",
                "machine_type": "e2-medium",
                "metadata": {
                  "disable-legacy-endpoints": "true"
                },
                "min_cpu_platform": "",
                "node_group": "",
                "oauth_scopes": [
                  "https://www.googleapis.com/auth/cloud-platform"
                ],
                "preemptible": false,
                "reservation_affinity": [],
                "resource_labels": {
                  "goog-gke-node-pool-provisioning-model": "on-demand"
                },
                "service_account": "default",
                "shielded_instance_config": [
                  {
                    "enable_integrity_monitoring": true,
                    "enable_secure_boot": false
                  }
                ],
                "sole_tenant_config": [],
                "spot": false,
                "tags": null,
                "taint": [],
                "workload_metadata_config": []
              }
            ],
            "node_count": 2,
            "node_locations": [
              "us-central1-a",
              "us-central1-b",
              "us-central1-f"
            ],
            "operation": null,
            "placement_policy": [],
            "project": "devops-9848",
            "timeouts": null,
            "upgrade_settings": [
              {
                "blue_green_settings": [],
                "max_surge": 1,
                "max_unavailable": 0,
                "strategy": "SURGE"
              }
            ],
            "version": "1.33.2-gke.1240000"
          },
          "sensitive_attributes": [],
          "identity_schema_version": 0,
          "private": "eyJlMmJmYjczMC1lY2FhLTExZTYtOGY4OC0zNDM2M2JjN2M0YzAiOnsiY3JlYXRlIjoxODAwMDAwMDAwMDAwLCJkZWxldGUiOjE4MDAwMDAwMDAwMDAsInVwZGF0ZSI6MTgwMDAwMDAwMDAwMH0sInNjaGVtYV92ZXJzaW9uIjoiMSJ9",
          "dependencies": [
            "google_container_cluster.ecommerce_cluster"
          ]
        }
      ]
    }
  ],
  "check_results": null
}
